
Microsoft Visual Studio Solution File, Format Version 12.00
# Visual Studio Version 16
VisualStudioVersion = 16.0.31729.503
MinimumVisualStudioVersion = 10.0.40219.1
Project("{FAE04EC0-301F-11D3-BF4B-00C04F79EFBC}") = "NewUser", "NewUser.csproj", "{F9BB7BAB-9E0F-436A-A76F-2EA2044ADAE6}"
EndProject
Global
	GlobalSection(SolutionConfigurationPlatforms) = preSolution
		Debug|Any CPU = Debug|Any CPU
		Release|Any CPU = Release|Any CPU
	EndGlobalSection
	GlobalSection(ProjectConfigurationPlatforms) = postSolution
		{F9BB7BAB-9E0F-436A-A76F-2EA2044ADAE6}.Debug|Any CPU.ActiveCfg = Debug|Any CPU
		{F9BB7BAB-9E0F-436A-A76F-2EA2044ADAE6}.Debug|Any CPU.Build.0 = Debug|Any CPU
		{F9BB7BAB-9E0F-436A-A76F-2EA2044ADAE6}.Release|Any CPU.ActiveCfg = Release|Any CPU
		{F9BB7BAB-9E0F-436A-A76F-2EA2044ADAE6}.Release|Any CPU.Build.0 = Release|Any CPU
	EndGlobalSection
	GlobalSection(SolutionProperties) = preSolution
		HideSolutionNode = FALSE
	EndGlobalSection
	GlobalSection(ExtensibilityGlobals) = postSolution
		SolutionGuid = {84AE008C-2E75-4637-B18A-BDDCCA862940}
	EndGlobalSection
EndGlobal
